
Microsoft Visual Studio Solution File, Format Version 12.00
# Visual Studio Version 16
VisualStudioVersion = 16.0.30907.101
MinimumVisualStudioVersion = 10.0.40219.1
Project("{FAE04EC0-301F-11D3-BF4B-00C04F79EFBC}") = "RazorPagesMovie", "RazorPagesMovie.csproj", "{B160988B-3589-4258-9B28-F87EAB706647}"
EndProject
Global
	GlobalSection(SolutionConfigurationPlatforms) = preSolution
		Debug|Any CPU = Debug|Any CPU
		Release|Any CPU = Release|Any CPU
	EndGlobalSection
	GlobalSection(ProjectConfigurationPlatforms) = postSolution
		{B160988B-3589-4258-9B28-F87EAB706647}.Debug|Any CPU.ActiveCfg = Debug|Any CPU
		{B160988B-3589-4258-9B28-F87EAB706647}.Debug|Any CPU.Build.0 = Debug|Any CPU
		{B160988B-3589-4258-9B28-F87EAB706647}.Release|Any CPU.ActiveCfg = Release|Any CPU
		{B160988B-3589-4258-9B28-F87EAB706647}.Release|Any CPU.Build.0 = Release|Any CPU
	EndGlobalSection
	GlobalSection(SolutionProperties) = preSolution
		HideSolutionNode = FALSE
	EndGlobalSection
	GlobalSection(ExtensibilityGlobals) = postSolution
		SolutionGuid = {0AED990C-041C-406D-B106-BB8978377743}
	EndGlobalSection
EndGlobal
